#MicroXplorer Configuration settings - do not modify
Mcu.Family=STM32F4
PC3.Mode=Half_Duplex_Master
RCC.PLLSourceVirtual=RCC_PLLSOURCE_HSE
Dma.SPI2_RX.0.Instance=DMA1_Stream3
ProjectManager.MainLocation=Core/Src
I2S2.AudioFreq=I2S_AUDIOFREQ_32K
ProjectManager.ProjectFileName=adafruit-f405-keyword-spotting.ioc
PH0-OSC_IN.Signal=RCC_OSC_IN
Dma.SPI2_RX.0.RequestParameters=Instance,Direction,PeriphInc,MemInc,PeriphDataAlignment,MemDataAlignment,Mode,Priority,FIFOMode
RCC.CortexFreq_Value=168000000
I2S2.Instance=SPI$Index
ProjectManager.KeepUserCode=true
Mcu.UserName=STM32F405RGTx
Mcu.PinsNb=12
VP_TIM14_VS_ClockSourceINT.Signal=TIM14_VS_ClockSourceINT
PB10.Mode=Half_Duplex_Master
ProjectManager.NoMain=false
USART6.IPParameters=VirtualMode
Dma.SPI2_RX.0.Mode=DMA_CIRCULAR
RCC.PLLCLKFreq_Value=168000000
RCC.PLLQCLKFreq_Value=84000000
ProjectManager.functionlistsort=1-MX_GPIO_Init-GPIO-false-HAL-true,2-MX_DMA_Init-DMA-false-HAL-true,3-SystemClock_Config-RCC-false-HAL-false,4-MX_I2S2_Init-I2S2-false-HAL-true,5-MX_TIM14_Init-TIM14-false-HAL-true,6-MX_USART6_UART_Init-USART6-false-HAL-true
PC6.Signal=USART6_TX
RCC.RTCFreq_Value=32000
ProjectManager.DefaultFWLocation=true
ProjectManager.DeletePrevious=true
RCC.APB1CLKDivider=RCC_HCLK_DIV4
PC1.Locked=true
PinOutPanel.RotationAngle=0
RCC.FamilyName=M
RCC.SYSCLKSource=RCC_SYSCLKSOURCE_PLLCLK
ProjectManager.StackSize=0x400
NVIC.USART6_IRQn=true\:0\:0\:false\:false\:true\:true\:true
PA13.Signal=SYS_JTMS-SWDIO
Mcu.IP4=SYS
RCC.FCLKCortexFreq_Value=168000000
Mcu.IP5=TIM14
Mcu.IP2=NVIC
NVIC.SVCall_IRQn=true\:0\:0\:false\:false\:true\:false\:false
Mcu.IP3=RCC
Mcu.IP0=DMA
Mcu.IP1=I2S2
Dma.SPI2_RX.0.PeriphDataAlignment=DMA_PDATAALIGN_HALFWORD
Mcu.UserConstants=
ProjectManager.TargetToolchain=STM32CubeIDE
Mcu.ThirdPartyNb=0
PC6.Mode=Asynchronous
RCC.HCLKFreq_Value=168000000
Mcu.IPNb=7
RCC.I2SClocksFreq_Value=50000000
ProjectManager.PreviousToolchain=
PB9.Mode=Half_Duplex_Master
RCC.APB2TimFreq_Value=168000000
I2S2.VirtualMode=I2S_MODE_MASTER
RCC.VcooutputI2S=50000000
PC7.Signal=USART6_RX
PB9.Locked=true
PC3.Signal=I2S2_SD
Mcu.Pin6=PC7
Mcu.Pin7=PA13
ProjectManager.RegisterCallBack=
Mcu.Pin8=PA14
Mcu.Pin9=PB9
RCC.LSE_VALUE=32768
RCC.AHBFreq_Value=168000000
PH0-OSC_IN.Mode=HSE-External-Oscillator
Mcu.Pin0=PH0-OSC_IN
Mcu.Pin1=PH1-OSC_OUT
GPIO.groupedBy=Group By Peripherals
Mcu.Pin2=PC1
PB10.Signal=I2S2_CK
Mcu.Pin3=PC3
Mcu.Pin4=PB10
RCC.VCOI2SOutputFreq_Value=100000000
Mcu.Pin5=PC6
ProjectManager.ProjectBuild=false
RCC.HSE_VALUE=12000000
NVIC.UsageFault_IRQn=true\:0\:0\:false\:false\:true\:false\:false
NVIC.DebugMonitor_IRQn=true\:0\:0\:false\:false\:true\:false\:false
board=custom
RCC.VCOOutputFreq_Value=336000000
NVIC.SysTick_IRQn=true\:0\:0\:false\:false\:true\:false\:true
ProjectManager.LastFirmware=true
ProjectManager.FirmwarePackage=STM32Cube FW_F4 V1.26.1
MxDb.Version=DB.6.0.20
RCC.APB2Freq_Value=84000000
ProjectManager.BackupPrevious=false
MxCube.Version=6.2.0
RCC.VCOInputFreq_Value=2000000
PA14.Mode=Serial_Wire
File.Version=6
VP_SYS_VS_Systick.Mode=SysTick
RCC.EthernetFreq_Value=168000000
PH1-OSC_OUT.Signal=RCC_OSC_OUT
Dma.SPI2_RX.0.MemDataAlignment=DMA_MDATAALIGN_HALFWORD
I2S2.IPParameters=Instance,VirtualMode,FullDuplexMode,RealAudioFreq,ErrorAudioFreq,Mode,DataFormat,AudioFreq
NVIC.NonMaskableInt_IRQn=true\:0\:0\:false\:false\:true\:false\:false
NVIC.PendSV_IRQn=true\:0\:0\:false\:false\:true\:false\:false
Dma.SPI2_RX.0.FIFOMode=DMA_FIFOMODE_DISABLE
I2S2.DataFormat=I2S_DATAFORMAT_24B
PA13.Mode=Serial_Wire
Dma.SPI2_RX.0.Priority=DMA_PRIORITY_LOW
ProjectManager.FreePins=false
RCC.IPParameters=48MHZClocksFreq_Value,AHBFreq_Value,APB1CLKDivider,APB1Freq_Value,APB1TimFreq_Value,APB2CLKDivider,APB2Freq_Value,APB2TimFreq_Value,CortexFreq_Value,EthernetFreq_Value,FCLKCortexFreq_Value,FamilyName,HCLKFreq_Value,HSE_VALUE,HSI_VALUE,I2SClocksFreq_Value,LSE_VALUE,LSI_VALUE,MCO2PinFreq_Value,PLLCLKFreq_Value,PLLI2SN,PLLM,PLLN,PLLQCLKFreq_Value,PLLSourceVirtual,RTCFreq_Value,RTCHSEDivFreq_Value,SYSCLKFreq_VALUE,SYSCLKSource,VCOI2SOutputFreq_Value,VCOInputFreq_Value,VCOOutputFreq_Value,VcooutputI2S
ProjectManager.AskForMigrate=true
Mcu.Name=STM32F405RGTx
Dma.RequestsNb=1
ProjectManager.HalAssertFull=false
Dma.SPI2_RX.0.MemInc=DMA_MINC_ENABLE
RCC.RTCHSEDivFreq_Value=6000000
TIM14.Prescaler=8400 - 1
ProjectManager.ProjectName=adafruit-f405-keyword-spotting
ProjectManager.UnderRoot=true
I2S2.FullDuplexMode=I2S_FULLDUPLEXMODE_DISABLE
Mcu.IP6=USART6
ProjectManager.CoupleFile=false
PH1-OSC_OUT.Mode=HSE-External-Oscillator
RCC.48MHZClocksFreq_Value=84000000
RCC.MCO2PinFreq_Value=168000000
RCC.SYSCLKFreq_VALUE=168000000
Mcu.Package=LQFP64
PB9.Signal=I2S2_WS
NVIC.ForceEnableDMAVector=true
I2S2.ErrorAudioFreq=1.72 %
KeepUserPlacement=false
USART6.VirtualMode=VM_ASYNC
Dma.SPI2_RX.0.PeriphInc=DMA_PINC_DISABLE
NVIC.MemoryManagement_IRQn=true\:0\:0\:false\:false\:true\:false\:false
ProjectManager.CompilerOptimize=6
ProjectManager.ToolChainLocation=
I2S2.Mode=I2S_MODE_MASTER_RX
RCC.LSI_VALUE=32000
VP_SYS_VS_Systick.Signal=SYS_VS_Systick
PA14.Signal=SYS_JTCK-SWCLK
ProjectManager.HeapSize=0x200
NVIC.HardFault_IRQn=true\:0\:0\:false\:false\:true\:false\:false
ProjectManager.ComputerToolchain=false
RCC.HSI_VALUE=16000000
NVIC.PriorityGroup=NVIC_PRIORITYGROUP_4
RCC.APB2CLKDivider=RCC_HCLK_DIV2
Mcu.Pin11=VP_TIM14_VS_ClockSourceINT
RCC.PLLM=6
RCC.PLLN=168
Mcu.Pin10=VP_SYS_VS_Systick
RCC.APB1TimFreq_Value=84000000
NVIC.BusFault_IRQn=true\:0\:0\:false\:false\:true\:false\:false
NVIC.DMA1_Stream3_IRQn=true\:0\:0\:false\:false\:true\:false\:true
Dma.SPI2_RX.0.Direction=DMA_PERIPH_TO_MEMORY
VP_TIM14_VS_ClockSourceINT.Mode=Enable_Timer
PC7.Mode=Asynchronous
TIM14.IPParameters=Prescaler
Dma.Request0=SPI2_RX
RCC.APB1Freq_Value=42000000
I2S2.RealAudioFreq=32.552 KHz
RCC.PLLI2SN=50
ProjectManager.CustomerFirmwarePackage=
ProjectManager.DeviceId=STM32F405RGTx
PC1.Signal=GPIO_Output
ProjectManager.LibraryCopy=1
isbadioc=false
