#MicroXplorer Configuration settings - do not modify
Mcu.Family=STM32L4
ProjectManager.MainLocation=Core/Src
PA2.GPIO_PuPd=GPIO_NOPULL
RCC.USART1Freq_Value=80000000
RCC.SAI1Freq_Value=18285714.285714287
USART2.IPParameters=VirtualMode-Asynchronous
RCC.CortexFreq_Value=80000000
ProjectManager.KeepUserCode=true
Mcu.UserName=STM32L476RGTx
PH0-OSC_IN\ (PH0).Signal=RCC_OSC_IN
PH0-OSC_IN\ (PH0).Locked=true
Dma.SAI1_B.0.MemInc=DMA_MINC_ENABLE
RCC.PLLSAI1RoutputFreq_Value=64000000
PA3.GPIO_PuPd=GPIO_NOPULL
ProjectManager.functionlistsort=1-MX_GPIO_Init-GPIO-false-HAL-true,2-MX_DMA_Init-DMA-false-HAL-true,3-SystemClock_Config-RCC-false-HAL-false,4-MX_USART2_UART_Init-USART2-false-HAL-true,5-MX_CRC_Init-CRC-false-HAL-true,6-MX_SAI1_Init-SAI1-false-HAL-true
PA2.GPIO_Speed=GPIO_SPEED_FREQ_VERY_HIGH
PA13\ (JTMS-SWDIO).Locked=true
PA3.GPIOParameters=GPIO_Speed,GPIO_PuPd,GPIO_Label,GPIO_Mode
RCC.USART2Freq_Value=80000000
PC15-OSC32_OUT\ (PC15).Mode=LSE-External-Oscillator
SAI1.AudioFrequency-SAI_B_Master=SAI_AUDIO_FREQUENCY_32K
PC13.GPIO_Label=B1 [Blue PushButton]
PA3.GPIO_Speed=GPIO_SPEED_FREQ_VERY_HIGH
PA2.GPIOParameters=GPIO_Speed,GPIO_PuPd,GPIO_Label,GPIO_Mode
PinOutPanel.RotationAngle=0
RCC.MCO1PinFreq_Value=80000000
RCC.SYSCLKSource=RCC_SYSCLKSOURCE_PLLCLK
ProjectManager.StackSize=0x400
PB3\ (JTDO-TRACESWO).Signal=SAI1_SCK_B
PC14-OSC32_IN\ (PC14).Mode=LSE-External-Oscillator
SH.GPXTI13.0=GPIO_EXTI13
PA14\ (JTCK-SWCLK).Signal=SYS_JTCK-SWCLK
RCC.I2C3Freq_Value=80000000
RCC.LPTIM1Freq_Value=80000000
Mcu.IP4=SAI1
RCC.FCLKCortexFreq_Value=80000000
Mcu.IP5=SYS
Mcu.IP2=NVIC
NVIC.SVCall_IRQn=true\:0\:0\:false\:false\:true\:false\:false
Mcu.IP3=RCC
Mcu.IP0=CRC
Mcu.IP1=DMA
Mcu.UserConstants=
RCC.VCOSAI1OutputFreq_Value=128000000
PA4.Mode=SAI_B_Master
RCC.SDMMCFreq_Value=64000000
SAI1.ErrorAudioFreq-SAI_B_Master=11.6 %
SH.GPXTI13.ConfNb=1
PA14\ (JTCK-SWCLK).GPIOParameters=GPIO_Label
Mcu.ThirdPartyNb=0
RCC.HCLKFreq_Value=80000000
Mcu.IPNb=7
ProjectManager.PreviousToolchain=
RCC.APB2TimFreq_Value=80000000
VP_SAI1_VP_$IpInstance_SAIB_SAI_BASIC.Signal=SAI1_VP_$IpInstance_SAIB_SAI_BASIC
Mcu.Pin6=PA3
RCC.SAI2Freq_Value=18285714.285714287
Mcu.Pin7=PA4
Mcu.Pin8=PA5
Mcu.Pin9=PA13 (JTMS-SWDIO)
RCC.AHBFreq_Value=80000000
RCC.PREFETCH_ENABLE=1
Mcu.Pin0=PC13
Mcu.Pin1=PC14-OSC32_IN (PC14)
Mcu.Pin2=PC15-OSC32_OUT (PC15)
Mcu.Pin3=PH0-OSC_IN (PH0)
RCC.USART3Freq_Value=80000000
Mcu.Pin4=PH1-OSC_OUT (PH1)
Mcu.Pin5=PA2
ProjectManager.ProjectBuild=false
RCC.HSE_VALUE=8000000
NVIC.DMA2_Channel2_IRQn=true\:0\:0\:false\:false\:true\:false\:true
NVIC.UsageFault_IRQn=true\:0\:0\:false\:false\:true\:true\:false
NVIC.DebugMonitor_IRQn=true\:0\:0\:false\:false\:true\:true\:false
USART2.VirtualMode-Asynchronous=VM_ASYNC
NVIC.SysTick_IRQn=true\:0\:0\:false\:false\:true\:true\:true
ProjectManager.FirmwarePackage=STM32Cube FW_L4 V1.15.1
MxDb.Version=DB.5.0.60
Dma.SAI1_B.0.PeriphInc=DMA_PINC_DISABLE
ProjectManager.BackupPrevious=false
RCC.VCOInputFreq_Value=16000000
PA5.GPIO_PuPd=GPIO_NOPULL
PB5.Mode=SAI_B_Master
File.Version=6
PC13.GPIO_PuPd=GPIO_NOPULL
SAI1.AudioMode-SAI_B_Master=SAI_MODEMASTER_RX
RCC.PLLRCLKFreq_Value=80000000
NVIC.PendSV_IRQn=true\:0\:0\:false\:false\:true\:false\:false
Dma.RequestsNb=1
ProjectManager.HalAssertFull=false
ProjectManager.ProjectName=nucleo-l476-keyword-spotting
Mcu.Package=LQFP64
PA5.Locked=true
ProjectManager.ToolChainLocation=
PA2.GPIO_Label=USART_TX
RCC.LSI_VALUE=32000
VP_SYS_VS_Systick.Signal=SYS_VS_Systick
RCC.LSCOPinFreq_Value=32000
RCC.DFSDMFreq_Value=80000000
PA5.GPIOParameters=GPIO_Speed,GPIO_PuPd,GPIO_Label,GPIO_ModeDefaultOutputPP
Dma.SAI1_B.0.Mode=DMA_CIRCULAR
PC14-OSC32_IN\ (PC14).Locked=true
RCC.PLLPoutputFreq_Value=22857142.85714286
RCC.APB1TimFreq_Value=80000000
NVIC.BusFault_IRQn=true\:0\:0\:false\:false\:true\:true\:false
Dma.SAI1_B.0.Instance=DMA2_Channel2
RCC.LPUART1Freq_Value=80000000
PA13\ (JTMS-SWDIO).Signal=SYS_JTMS-SWDIO
Dma.Request0=SAI1_B
PA13\ (JTMS-SWDIO).GPIOParameters=GPIO_Label
Dma.SAI1_B.0.RequestParameters=Instance,Direction,PeriphInc,MemInc,PeriphDataAlignment,MemDataAlignment,Mode,Priority
SAI1.RealAudioFreq-SAI_B_Master=35.714 KHz
ProjectManager.CustomerFirmwarePackage=
SAI1.MClockEnable-SAI_B_Master=SAI_MASTERCLOCK_DISABLE
PA3.Signal=USART2_RX
PA2.GPIO_Mode=GPIO_MODE_AF_PP
PA2.Locked=true
RCC.MSI_VALUE=4000000
RCC.PLLSourceVirtual=RCC_PLLSOURCE_HSI
PA14\ (JTCK-SWCLK).Mode=Serial_Wire
Dma.SAI1_B.0.MemDataAlignment=DMA_MDATAALIGN_WORD
RCC.PLLQoutputFreq_Value=80000000
Dma.SAI1_B.0.PeriphDataAlignment=DMA_PDATAALIGN_WORD
ProjectManager.ProjectFileName=nucleo-l476-keyword-spotting.ioc
Mcu.PinsNb=16
ProjectManager.NoMain=false
PC13.Locked=true
PC13.Signal=GPXTI13
RCC.SWPMI1Freq_Value=80000000
ProjectManager.DefaultFWLocation=true
PC15-OSC32_OUT\ (PC15).Signal=RCC_OSC32_OUT
SAI1.BasicDataSize-SAI_B_Master=SAI_PROTOCOL_DATASIZE_24BIT
PA14\ (JTCK-SWCLK).GPIO_Label=TCK
ProjectManager.DeletePrevious=true
RCC.VCOSAI2OutputFreq_Value=128000000
boardIOC=true
SAI1.InitProtocol-SAI_B_Master=Enable
RCC.FamilyName=M
PH1-OSC_OUT\ (PH1).Signal=RCC_OSC_OUT
PA3.Mode=Asynchronous
Dma.SAI1_B.0.Priority=DMA_PRIORITY_LOW
SAI1.VirtualMode-SAI_B_Master=VM_MASTER
ProjectManager.TargetToolchain=STM32CubeIDE
PA3.GPIO_Mode=GPIO_MODE_AF_PP
VP_CRC_VS_CRC.Signal=CRC_VS_CRC
Dma.SAI1_B.0.Direction=DMA_PERIPH_TO_MEMORY
ProjectManager.RegisterCallBack=
PC15-OSC32_OUT\ (PC15).Locked=true
RCC.USBFreq_Value=64000000
RCC.PLLSAI1PoutputFreq_Value=18285714.285714287
VP_SAI1_VP_$IpInstance_SAIB_SAI_BASIC.Mode=SAI_B_BASIC
RCC.PLLSAI2RoutputFreq_Value=64000000
PA5.Signal=GPIO_Output
SAI1.Instance-SAI_B_Master=SAI$Index_Block_B
PH1-OSC_OUT\ (PH1).Locked=true
board=NUCLEO-L476RG
SAI1.IPParameters=Instance-SAI_B_Master,VirtualMode-SAI_B_Master,MClockEnable-SAI_B_Master,RealAudioFreq-SAI_B_Master,ErrorAudioFreq-SAI_B_Master,InitProtocol-SAI_B_Master,VirtualProtocol-SAI_B_BASIC,AudioMode-SAI_B_Master,BasicDataSize-SAI_B_Master,AudioFrequency-SAI_B_Master
RCC.VCOOutputFreq_Value=160000000
ProjectManager.LastFirmware=true
RCC.APB2Freq_Value=80000000
RCC.UART4Freq_Value=80000000
MxCube.Version=5.6.1
PA5.GPIO_ModeDefaultOutputPP=GPIO_MODE_OUTPUT_PP
PA13\ (JTMS-SWDIO).GPIO_Label=TMS
RCC.I2C1Freq_Value=80000000
PC13.GPIOParameters=GPIO_PuPd,GPIO_Label,GPIO_ModeDefaultEXTI
PB3\ (JTDO-TRACESWO).Mode=SAI_B_Master
RCC.RNGFreq_Value=64000000
RCC.PLLSAI1QoutputFreq_Value=64000000
RCC.ADCFreq_Value=64000000
VP_SYS_VS_Systick.Mode=SysTick
NVIC.NonMaskableInt_IRQn=true\:0\:0\:false\:false\:true\:true\:false
RCC.UART5Freq_Value=80000000
ProjectManager.FreePins=false
RCC.IPParameters=ADCFreq_Value,AHBFreq_Value,APB1Freq_Value,APB1TimFreq_Value,APB2Freq_Value,APB2TimFreq_Value,CortexFreq_Value,DFSDMFreq_Value,FCLKCortexFreq_Value,FamilyName,HCLKFreq_Value,HSE_VALUE,HSI_VALUE,I2C1Freq_Value,I2C2Freq_Value,I2C3Freq_Value,LPTIM1Freq_Value,LPTIM2Freq_Value,LPUART1Freq_Value,LSCOPinFreq_Value,LSI_VALUE,MCO1PinFreq_Value,MSI_VALUE,PLLN,PLLPoutputFreq_Value,PLLQoutputFreq_Value,PLLRCLKFreq_Value,PLLSAI1PoutputFreq_Value,PLLSAI1QoutputFreq_Value,PLLSAI1RoutputFreq_Value,PLLSAI2PoutputFreq_Value,PLLSAI2RoutputFreq_Value,PLLSourceVirtual,PREFETCH_ENABLE,PWRFreq_Value,RNGFreq_Value,SAI1Freq_Value,SAI2Freq_Value,SDMMCFreq_Value,SWPMI1Freq_Value,SYSCLKFreq_VALUE,SYSCLKSource,UART4Freq_Value,UART5Freq_Value,USART1Freq_Value,USART2Freq_Value,USART3Freq_Value,USBFreq_Value,VCOInputFreq_Value,VCOOutputFreq_Value,VCOSAI1OutputFreq_Value,VCOSAI2OutputFreq_Value
ProjectManager.AskForMigrate=true
Mcu.Name=STM32L476R(C-E-G)Tx
RCC.LPTIM2Freq_Value=80000000
PA2.Signal=USART2_TX
ProjectManager.UnderRoot=true
Mcu.IP6=USART2
ProjectManager.CoupleFile=false
PA13\ (JTMS-SWDIO).Mode=Serial_Wire
PA4.Signal=SAI1_FS_B
RCC.SYSCLKFreq_VALUE=80000000
PB5.Signal=SAI1_SD_B
PA3.Locked=true
PA5.GPIO_Label=LD2 [green Led]
PA14\ (JTCK-SWCLK).Locked=true
NVIC.ForceEnableDMAVector=true
RCC.PLLSAI2PoutputFreq_Value=18285714.285714287
KeepUserPlacement=false
PC13.GPIO_ModeDefaultEXTI=GPIO_MODE_IT_FALLING
PC14-OSC32_IN\ (PC14).Signal=RCC_OSC32_IN
NVIC.MemoryManagement_IRQn=true\:0\:0\:false\:false\:true\:true\:false
ProjectManager.CompilerOptimize=6
ProjectManager.HeapSize=0x200
Mcu.Pin15=VP_SYS_VS_Systick
NVIC.HardFault_IRQn=true\:0\:0\:false\:false\:true\:true\:false
Mcu.Pin13=VP_CRC_VS_CRC
Mcu.Pin14=VP_SAI1_VP_$IpInstance_SAIB_SAI_BASIC
ProjectManager.ComputerToolchain=false
RCC.HSI_VALUE=16000000
PA5.GPIO_Speed=GPIO_SPEED_FREQ_LOW
SAI1.VirtualProtocol-SAI_B_BASIC=VM_BASIC_PROTOCOL
NVIC.PriorityGroup=NVIC_PRIORITYGROUP_4
Mcu.Pin11=PB3 (JTDO-TRACESWO)
Mcu.Pin12=PB5
RCC.PLLN=10
Mcu.Pin10=PA14 (JTCK-SWCLK)
PA2.Mode=Asynchronous
RCC.PWRFreq_Value=80000000
RCC.I2C2Freq_Value=80000000
RCC.APB1Freq_Value=80000000
VP_CRC_VS_CRC.Mode=CRC_Activate
ProjectManager.DeviceId=STM32L476RGTx
ProjectManager.LibraryCopy=1
PA3.GPIO_Label=USART_RX
